<?xml version="1.0" encoding="UTF-8" standalone="yes" ?>
<CodeBlocks_project_file>
	<FileVersion major="1" minor="6" />
	<Project>
		<Option title="src" />
		<Option pch_mode="2" />
		<Option compiler="gcc" />
		<Build>
			<Target title="Debug">
				<Option output="bin/Debug/src" prefix_auto="1" extension_auto="1" />
				<Option object_output="obj/Debug/" />
				<Option type="1" />
				<Option compiler="gcc" />
				<Compiler>
					<Add option="-g" />
				</Compiler>
			</Target>
			<Target title="Release">
				<Option output="bin/Release/src" prefix_auto="1" extension_auto="1" />
				<Option object_output="obj/Release/" />
				<Option type="1" />
				<Option compiler="gcc" />
				<Compiler>
					<Add option="-O2" />
				</Compiler>
				<Linker>
					<Add option="-s" />
				</Linker>
			</Target>
		</Build>
		<Compiler>
			<Add option="-Wall" />
			<Add directory="./cURL/include" />
		</Compiler>
		<ResourceCompiler>
			<Add directory="./cURL/include" />
		</ResourceCompiler>
		<Linker>
			<Add library="../libs/bin/Debug/libs.a" />
			<Add library="../libs/bin/Release/libs.a" />
			<Add library="./cURL/lib/libcurl.dll.a" />
			<Add directory="./cURL/lib" />
		</Linker>
		<Unit filename="api/cJSON/main.c">
			<Option compilerVar="CC" />
		</Unit>
		<Unit filename="api/cJSON/main.h" />
		<Unit filename="api/macros.h" />
		<Unit filename="api/main.c">
			<Option compilerVar="CC" />
		</Unit>
		<Unit filename="api/main.h" />
		<Unit filename="api/utilities.c">
			<Option compilerVar="CC" />
		</Unit>
		<Unit filename="api/utilities.h" />
		<Unit filename="configuration/functions.c">
			<Option compilerVar="CC" />
		</Unit>
		<Unit filename="configuration/functions.h" />
		<Unit filename="configuration/logs/main.c">
			<Option compilerVar="CC" />
		</Unit>
		<Unit filename="configuration/logs/main.h" />
		<Unit filename="configuration/macros.h" />
		<Unit filename="configuration/main.h" />
		<Unit filename="configuration/structs.h" />
		<Unit filename="macros.h" />
		<Unit filename="main.c">
			<Option compilerVar="CC" />
		</Unit>
		<Unit filename="play/main.c">
			<Option compilerVar="CC" />
		</Unit>
		<Unit filename="play/main.h" />
		<Unit filename="play/utilities.c">
			<Option compilerVar="CC" />
		</Unit>
		<Unit filename="play/utilities.h" />
		<Unit filename="show-ranking/main.c">
			<Option compilerVar="CC" />
		</Unit>
		<Unit filename="show-ranking/main.h" />
		<Unit filename="statics/configuration.txt" />
		<Unit filename="structs.h" />
		<Unit filename="utilities.c">
			<Option compilerVar="CC" />
		</Unit>
		<Unit filename="utilities.h" />
		<Extensions>
			<lib_finder disable_auto="1" />
		</Extensions>
	</Project>
</CodeBlocks_project_file>
